
Microsoft Visual Studio Solution File, Format Version 12.00
# Visual Studio Version 16
VisualStudioVersion = 16.0.30114.105
MinimumVisualStudioVersion = 10.0.40219.1
Project("{F2A71F9B-5D33-465A-A702-920D77279786}") = "compiler", "compiler\compiler.fsproj", "{0939AA71-CFBA-45C0-AE4A-D095FFCCB75F}"
EndProject
Global
	GlobalSection(SolutionConfigurationPlatforms) = preSolution
		Debug|Any CPU = Debug|Any CPU
		Release|Any CPU = Release|Any CPU
	EndGlobalSection
	GlobalSection(SolutionProperties) = preSolution
		HideSolutionNode = FALSE
	EndGlobalSection
	GlobalSection(ProjectConfigurationPlatforms) = postSolution
		{0939AA71-CFBA-45C0-AE4A-D095FFCCB75F}.Debug|Any CPU.ActiveCfg = Debug|Any CPU
		{0939AA71-CFBA-45C0-AE4A-D095FFCCB75F}.Debug|Any CPU.Build.0 = Debug|Any CPU
		{0939AA71-CFBA-45C0-AE4A-D095FFCCB75F}.Release|Any CPU.ActiveCfg = Release|Any CPU
		{0939AA71-CFBA-45C0-AE4A-D095FFCCB75F}.Release|Any CPU.Build.0 = Release|Any CPU
	EndGlobalSection
EndGlobal
